// !$*UTF8*$!
{
	archiveVersion = 1;
	classes = {
	};
	objectVersion = 46;
	objects = {

/* Begin PBXBuildFile section */
		4005FB4F1B6864B40069A407 /* YNNearbyViewController.m in Sources */ = {isa = PBXBuildFile; fileRef = 4005FB4E1B6864B40069A407 /* YNNearbyViewController.m */; };
		4005FB511B687AF00069A407 /* MapKit.framework in Frameworks */ = {isa = PBXBuildFile; fileRef = 4005FB501B687AF00069A407 /* MapKit.framework */; };
		402BC2B41B5769A500E6A429 /* YNOrderOrreserveCell.m in Sources */ = {isa = PBXBuildFile; fileRef = 402BC2B31B5769A500E6A429 /* YNOrderOrreserveCell.m */; };
		402FAB091B55F42F000FA55B /* YNTool.m in Sources */ = {isa = PBXBuildFile; fileRef = 402FAB081B55F42F000FA55B /* YNTool.m */; };
		402FAB0B1B56457C000FA55B /* MessageUI.framework in Frameworks */ = {isa = PBXBuildFile; fileRef = 402FAB0A1B56457C000FA55B /* MessageUI.framework */; };
		402FAB411B566969000FA55B /* ViewController.m in Sources */ = {isa = PBXBuildFile; fileRef = 402FAB401B566969000FA55B /* ViewController.m */; };
		40366C091B5F2FEB00E94B98 /* YNDropDownMenu.m in Sources */ = {isa = PBXBuildFile; fileRef = 40366C081B5F2FEB00E94B98 /* YNDropDownMenu.m */; };
		4062B3F11B54EE8B00175EE1 /* UITextField+LeftAndRightView.m in Sources */ = {isa = PBXBuildFile; fileRef = 4062B3F01B54EE8B00175EE1 /* UITextField+LeftAndRightView.m */; };
		406DCA271B57661E00FF569E /* YNOrderAndReserveViewController.m in Sources */ = {isa = PBXBuildFile; fileRef = 406DCA261B57661E00FF569E /* YNOrderAndReserveViewController.m */; };
		40791E931B61F9E30059F74E /* YNLocation.m in Sources */ = {isa = PBXBuildFile; fileRef = 40791E921B61F9E30059F74E /* YNLocation.m */; };
		40791E951B6212510059F74E /* CoreLocation.framework in Frameworks */ = {isa = PBXBuildFile; fileRef = 40791E941B6212510059F74E /* CoreLocation.framework */; };
		40A2FA901B69DC300066CD8C /* YNBaseAnnotation.m in Sources */ = {isa = PBXBuildFile; fileRef = 40A2FA8F1B69DC300066CD8C /* YNBaseAnnotation.m */; };
		40A2FA931B69DC510066CD8C /* YNCallOutAnnotation.m in Sources */ = {isa = PBXBuildFile; fileRef = 40A2FA921B69DC510066CD8C /* YNCallOutAnnotation.m */; };
		40A2FA961B69DC840066CD8C /* YNCallOutAnnotationView.m in Sources */ = {isa = PBXBuildFile; fileRef = 40A2FA951B69DC840066CD8C /* YNCallOutAnnotationView.m */; };
		40A2FA991B6A118C0066CD8C /* YNLocationAnnotation.m in Sources */ = {isa = PBXBuildFile; fileRef = 40A2FA981B6A118C0066CD8C /* YNLocationAnnotation.m */; };
		40B521D21B65D426006C1971 /* orderOrReseverData.plist in Resources */ = {isa = PBXBuildFile; fileRef = 40B521D11B65D426006C1971 /* orderOrReseverData.plist */; };
		40B521D51B65E14C006C1971 /* YNBaseModel.m in Sources */ = {isa = PBXBuildFile; fileRef = 40B521D41B65E14C006C1971 /* YNBaseModel.m */; };
		40B521D81B65E322006C1971 /* YNElementModel.m in Sources */ = {isa = PBXBuildFile; fileRef = 40B521D71B65E322006C1971 /* YNElementModel.m */; };
		40B521DB1B65E706006C1971 /* YNLevelModel.m in Sources */ = {isa = PBXBuildFile; fileRef = 40B521DA1B65E706006C1971 /* YNLevelModel.m */; };
		40B521DE1B66022B006C1971 /* YNSecondLevelModel.m in Sources */ = {isa = PBXBuildFile; fileRef = 40B521DD1B66022B006C1971 /* YNSecondLevelModel.m */; };
		40C9ED371B6B5568003E7DC4 /* YNCallOutContentView.m in Sources */ = {isa = PBXBuildFile; fileRef = 40C9ED361B6B5568003E7DC4 /* YNCallOutContentView.m */; };
		40F583441B60DB2300B117AC /* YNScrollCycleCell.m in Sources */ = {isa = PBXBuildFile; fileRef = 40F583431B60DB2300B117AC /* YNScrollCycleCell.m */; };
		40F583471B60DC0800B117AC /* YNScrollCycleView.m in Sources */ = {isa = PBXBuildFile; fileRef = 40F583461B60DC0800B117AC /* YNScrollCycleView.m */; };
		4C762F381B709FFA002F1D9E /* YNWGS84TOGCJ02.m in Sources */ = {isa = PBXBuildFile; fileRef = 4C762F371B709FFA002F1D9E /* YNWGS84TOGCJ02.m */; };
		4C762F3F1B7204B1002F1D9E /* YNEnterpriseViewController.m in Sources */ = {isa = PBXBuildFile; fileRef = 4C762F3E1B7204B1002F1D9E /* YNEnterpriseViewController.m */; };
		5E47D1F7B1B0420007E10D4D /* libPods-2015-07－13.a in Frameworks */ = {isa = PBXBuildFile; fileRef = 3B68043E448964FAD805436B /* libPods-2015-07－13.a */; };
		CE4D0DD51B53AF5600D46A5B /* YNRegisterViewController.m in Sources */ = {isa = PBXBuildFile; fileRef = CE4D0DD41B53AF5600D46A5B /* YNRegisterViewController.m */; };
		CEAE9F031B53573300D4B9A6 /* main.m in Sources */ = {isa = PBXBuildFile; fileRef = CEAE9F021B53573300D4B9A6 /* main.m */; };
		CEAE9F061B53573300D4B9A6 /* AppDelegate.m in Sources */ = {isa = PBXBuildFile; fileRef = CEAE9F051B53573300D4B9A6 /* AppDelegate.m */; };
		CEAE9F0C1B53573300D4B9A6 /* Main.storyboard in Resources */ = {isa = PBXBuildFile; fileRef = CEAE9F0A1B53573300D4B9A6 /* Main.storyboard */; };
		CEAE9F0E1B53573300D4B9A6 /* Images.xcassets in Resources */ = {isa = PBXBuildFile; fileRef = CEAE9F0D1B53573300D4B9A6 /* Images.xcassets */; };
		CEAE9F111B53573300D4B9A6 /* LaunchScreen.xib in Resources */ = {isa = PBXBuildFile; fileRef = CEAE9F0F1B53573300D4B9A6 /* LaunchScreen.xib */; };
		CEAE9F1D1B53573300D4B9A6 /* _015_07_13Tests.m in Sources */ = {isa = PBXBuildFile; fileRef = CEAE9F1C1B53573300D4B9A6 /* _015_07_13Tests.m */; };
		CEAE9F2C1B535C1D00D4B9A6 /* YNRootTabBarController.m in Sources */ = {isa = PBXBuildFile; fileRef = CEAE9F2B1B535C1D00D4B9A6 /* YNRootTabBarController.m */; };
		CEAE9F421B535E6800D4B9A6 /* YNHomePageViewController.m in Sources */ = {isa = PBXBuildFile; fileRef = CEAE9F411B535E6800D4B9A6 /* YNHomePageViewController.m */; };
		CEAE9F451B535E8A00D4B9A6 /* YNServiceViewController.m in Sources */ = {isa = PBXBuildFile; fileRef = CEAE9F441B535E8A00D4B9A6 /* YNServiceViewController.m */; };
		CEAE9F481B535EA500D4B9A6 /* YNMineViewController.m in Sources */ = {isa = PBXBuildFile; fileRef = CEAE9F471B535EA500D4B9A6 /* YNMineViewController.m */; };
		CEAE9F4B1B535EBD00D4B9A6 /* YNMoreViewController.m in Sources */ = {isa = PBXBuildFile; fileRef = CEAE9F4A1B535EBD00D4B9A6 /* YNMoreViewController.m */; };
		CEAE9F4E1B5360E900D4B9A6 /* YNNavigationController.m in Sources */ = {isa = PBXBuildFile; fileRef = CEAE9F4D1B5360E900D4B9A6 /* YNNavigationController.m */; };
		CEAE9F521B53765100D4B9A6 /* YNSignInViewController.m in Sources */ = {isa = PBXBuildFile; fileRef = CEAE9F511B53765100D4B9A6 /* YNSignInViewController.m */; };
/* End PBXBuildFile section */

/* Begin PBXContainerItemProxy section */
		CEAE9F171B53573300D4B9A6 /* PBXContainerItemProxy */ = {
			isa = PBXContainerItemProxy;
			containerPortal = CEAE9EF51B53573300D4B9A6 /* Project object */;
			proxyType = 1;
			remoteGlobalIDString = CEAE9EFC1B53573300D4B9A6;
			remoteInfo = "2015-07－13";
		};
/* End PBXContainerItemProxy section */

/* Begin PBXFileReference section */
		3B68043E448964FAD805436B /* libPods-2015-07－13.a */ = {isa = PBXFileReference; explicitFileType = archive.ar; includeInIndex = 0; path = "libPods-2015-07－13.a"; sourceTree = BUILT_PRODUCTS_DIR; };
		4005FB4D1B6864B40069A407 /* YNNearbyViewController.h */ = {isa = PBXFileReference; fileEncoding = 4; lastKnownFileType = sourcecode.c.h; path = YNNearbyViewController.h; sourceTree = "<group>"; };
		4005FB4E1B6864B40069A407 /* YNNearbyViewController.m */ = {isa = PBXFileReference; fileEncoding = 4; lastKnownFileType = sourcecode.c.objc; path = YNNearbyViewController.m; sourceTree = "<group>"; };
		4005FB501B687AF00069A407 /* MapKit.framework */ = {isa = PBXFileReference; lastKnownFileType = wrapper.framework; name = MapKit.framework; path = System/Library/Frameworks/MapKit.framework; sourceTree = SDKROOT; };
		402BC2B21B5769A500E6A429 /* YNOrderOrreserveCell.h */ = {isa = PBXFileReference; fileEncoding = 4; lastKnownFileType = sourcecode.c.h; path = YNOrderOrreserveCell.h; sourceTree = "<group>"; };
		402BC2B31B5769A500E6A429 /* YNOrderOrreserveCell.m */ = {isa = PBXFileReference; fileEncoding = 4; lastKnownFileType = sourcecode.c.objc; path = YNOrderOrreserveCell.m; sourceTree = "<group>"; };
		402FAB071B55F42F000FA55B /* YNTool.h */ = {isa = PBXFileReference; fileEncoding = 4; lastKnownFileType = sourcecode.c.h; path = YNTool.h; sourceTree = "<group>"; };
		402FAB081B55F42F000FA55B /* YNTool.m */ = {isa = PBXFileReference; fileEncoding = 4; lastKnownFileType = sourcecode.c.objc; path = YNTool.m; sourceTree = "<group>"; };
		402FAB0A1B56457C000FA55B /* MessageUI.framework */ = {isa = PBXFileReference; lastKnownFileType = wrapper.framework; name = MessageUI.framework; path = System/Library/Frameworks/MessageUI.framework; sourceTree = SDKROOT; };
		402FAB0C1B56653C000FA55B /* PrefixHeader.pch */ = {isa = PBXFileReference; lastKnownFileType = sourcecode.c.h; path = PrefixHeader.pch; sourceTree = "<group>"; };
		402FAB3F1B566969000FA55B /* ViewController.h */ = {isa = PBXFileReference; fileEncoding = 4; lastKnownFileType = sourcecode.c.h; path = ViewController.h; sourceTree = "<group>"; };
		402FAB401B566969000FA55B /* ViewController.m */ = {isa = PBXFileReference; fileEncoding = 4; lastKnownFileType = sourcecode.c.objc; path = ViewController.m; sourceTree = "<group>"; };
		40366C071B5F2FEB00E94B98 /* YNDropDownMenu.h */ = {isa = PBXFileReference; fileEncoding = 4; lastKnownFileType = sourcecode.c.h; path = YNDropDownMenu.h; sourceTree = "<group>"; };
		40366C081B5F2FEB00E94B98 /* YNDropDownMenu.m */ = {isa = PBXFileReference; fileEncoding = 4; lastKnownFileType = sourcecode.c.objc; path = YNDropDownMenu.m; sourceTree = "<group>"; };
		4062B3EF1B54EE8B00175EE1 /* UITextField+LeftAndRightView.h */ = {isa = PBXFileReference; fileEncoding = 4; lastKnownFileType = sourcecode.c.h; path = "UITextField+LeftAndRightView.h"; sourceTree = "<group>"; };
		4062B3F01B54EE8B00175EE1 /* UITextField+LeftAndRightView.m */ = {isa = PBXFileReference; fileEncoding = 4; lastKnownFileType = sourcecode.c.objc; path = "UITextField+LeftAndRightView.m"; sourceTree = "<group>"; };
		406DCA251B57661E00FF569E /* YNOrderAndReserveViewController.h */ = {isa = PBXFileReference; fileEncoding = 4; lastKnownFileType = sourcecode.c.h; path = YNOrderAndReserveViewController.h; sourceTree = "<group>"; };
		406DCA261B57661E00FF569E /* YNOrderAndReserveViewController.m */ = {isa = PBXFileReference; fileEncoding = 4; lastKnownFileType = sourcecode.c.objc; path = YNOrderAndReserveViewController.m; sourceTree = "<group>"; };
		40791E911B61F9E30059F74E /* YNLocation.h */ = {isa = PBXFileReference; fileEncoding = 4; lastKnownFileType = sourcecode.c.h; path = YNLocation.h; sourceTree = "<group>"; };
		40791E921B61F9E30059F74E /* YNLocation.m */ = {isa = PBXFileReference; fileEncoding = 4; lastKnownFileType = sourcecode.c.objc; path = YNLocation.m; sourceTree = "<group>"; };
		40791E941B6212510059F74E /* CoreLocation.framework */ = {isa = PBXFileReference; lastKnownFileType = wrapper.framework; name = CoreLocation.framework; path = System/Library/Frameworks/CoreLocation.framework; sourceTree = SDKROOT; };
		40A2FA8E1B69DC300066CD8C /* YNBaseAnnotation.h */ = {isa = PBXFileReference; fileEncoding = 4; lastKnownFileType = sourcecode.c.h; path = YNBaseAnnotation.h; sourceTree = "<group>"; };
		40A2FA8F1B69DC300066CD8C /* YNBaseAnnotation.m */ = {isa = PBXFileReference; fileEncoding = 4; lastKnownFileType = sourcecode.c.objc; path = YNBaseAnnotation.m; sourceTree = "<group>"; };
		40A2FA911B69DC510066CD8C /* YNCallOutAnnotation.h */ = {isa = PBXFileReference; fileEncoding = 4; lastKnownFileType = sourcecode.c.h; path = YNCallOutAnnotation.h; sourceTree = "<group>"; };
		40A2FA921B69DC510066CD8C /* YNCallOutAnnotation.m */ = {isa = PBXFileReference; fileEncoding = 4; lastKnownFileType = sourcecode.c.objc; path = YNCallOutAnnotation.m; sourceTree = "<group>"; };
		40A2FA941B69DC840066CD8C /* YNCallOutAnnotationView.h */ = {isa = PBXFileReference; fileEncoding = 4; lastKnownFileType = sourcecode.c.h; path = YNCallOutAnnotationView.h; sourceTree = "<group>"; };
		40A2FA951B69DC840066CD8C /* YNCallOutAnnotationView.m */ = {isa = PBXFileReference; fileEncoding = 4; lastKnownFileType = sourcecode.c.objc; path = YNCallOutAnnotationView.m; sourceTree = "<group>"; };
		40A2FA971B6A118C0066CD8C /* YNLocationAnnotation.h */ = {isa = PBXFileReference; fileEncoding = 4; lastKnownFileType = sourcecode.c.h; path = YNLocationAnnotation.h; sourceTree = "<group>"; };
		40A2FA981B6A118C0066CD8C /* YNLocationAnnotation.m */ = {isa = PBXFileReference; fileEncoding = 4; lastKnownFileType = sourcecode.c.objc; path = YNLocationAnnotation.m; sourceTree = "<group>"; };
		40B521D11B65D426006C1971 /* orderOrReseverData.plist */ = {isa = PBXFileReference; fileEncoding = 4; lastKnownFileType = text.plist.xml; path = orderOrReseverData.plist; sourceTree = "<group>"; };
		40B521D31B65E14C006C1971 /* YNBaseModel.h */ = {isa = PBXFileReference; fileEncoding = 4; lastKnownFileType = sourcecode.c.h; path = YNBaseModel.h; sourceTree = "<group>"; };
		40B521D41B65E14C006C1971 /* YNBaseModel.m */ = {isa = PBXFileReference; fileEncoding = 4; lastKnownFileType = sourcecode.c.objc; path = YNBaseModel.m; sourceTree = "<group>"; };
		40B521D61B65E322006C1971 /* YNElementModel.h */ = {isa = PBXFileReference; fileEncoding = 4; lastKnownFileType = sourcecode.c.h; path = YNElementModel.h; sourceTree = "<group>"; };
		40B521D71B65E322006C1971 /* YNElementModel.m */ = {isa = PBXFileReference; fileEncoding = 4; lastKnownFileType = sourcecode.c.objc; path = YNElementModel.m; sourceTree = "<group>"; };
		40B521D91B65E706006C1971 /* YNLevelModel.h */ = {isa = PBXFileReference; fileEncoding = 4; lastKnownFileType = sourcecode.c.h; path = YNLevelModel.h; sourceTree = "<group>"; };
		40B521DA1B65E706006C1971 /* YNLevelModel.m */ = {isa = PBXFileReference; fileEncoding = 4; lastKnownFileType = sourcecode.c.objc; path = YNLevelModel.m; sourceTree = "<group>"; };
		40B521DC1B66022B006C1971 /* YNSecondLevelModel.h */ = {isa = PBXFileReference; fileEncoding = 4; lastKnownFileType = sourcecode.c.h; path = YNSecondLevelModel.h; sourceTree = "<group>"; };
		40B521DD1B66022B006C1971 /* YNSecondLevelModel.m */ = {isa = PBXFileReference; fileEncoding = 4; lastKnownFileType = sourcecode.c.objc; path = YNSecondLevelModel.m; sourceTree = "<group>"; };
		40C9ED351B6B5568003E7DC4 /* YNCallOutContentView.h */ = {isa = PBXFileReference; fileEncoding = 4; lastKnownFileType = sourcecode.c.h; path = YNCallOutContentView.h; sourceTree = "<group>"; };
		40C9ED361B6B5568003E7DC4 /* YNCallOutContentView.m */ = {isa = PBXFileReference; fileEncoding = 4; lastKnownFileType = sourcecode.c.objc; path = YNCallOutContentView.m; sourceTree = "<group>"; };
		40F583421B60DB2300B117AC /* YNScrollCycleCell.h */ = {isa = PBXFileReference; fileEncoding = 4; lastKnownFileType = sourcecode.c.h; path = YNScrollCycleCell.h; sourceTree = "<group>"; };
		40F583431B60DB2300B117AC /* YNScrollCycleCell.m */ = {isa = PBXFileReference; fileEncoding = 4; lastKnownFileType = sourcecode.c.objc; path = YNScrollCycleCell.m; sourceTree = "<group>"; };
		40F583451B60DC0800B117AC /* YNScrollCycleView.h */ = {isa = PBXFileReference; fileEncoding = 4; lastKnownFileType = sourcecode.c.h; path = YNScrollCycleView.h; sourceTree = "<group>"; };
		40F583461B60DC0800B117AC /* YNScrollCycleView.m */ = {isa = PBXFileReference; fileEncoding = 4; lastKnownFileType = sourcecode.c.objc; path = YNScrollCycleView.m; sourceTree = "<group>"; };
		4C762F361B709FFA002F1D9E /* YNWGS84TOGCJ02.h */ = {isa = PBXFileReference; fileEncoding = 4; lastKnownFileType = sourcecode.c.h; path = YNWGS84TOGCJ02.h; sourceTree = "<group>"; };
		4C762F371B709FFA002F1D9E /* YNWGS84TOGCJ02.m */ = {isa = PBXFileReference; fileEncoding = 4; lastKnownFileType = sourcecode.c.objc; path = YNWGS84TOGCJ02.m; sourceTree = "<group>"; };
		4C762F3D1B7204B1002F1D9E /* YNEnterpriseViewController.h */ = {isa = PBXFileReference; fileEncoding = 4; lastKnownFileType = sourcecode.c.h; path = YNEnterpriseViewController.h; sourceTree = "<group>"; };
		4C762F3E1B7204B1002F1D9E /* YNEnterpriseViewController.m */ = {isa = PBXFileReference; fileEncoding = 4; lastKnownFileType = sourcecode.c.objc; path = YNEnterpriseViewController.m; sourceTree = "<group>"; };
		61171ACB1BC39838779DE974 /* Pods-2015-07－13.debug.xcconfig */ = {isa = PBXFileReference; includeInIndex = 1; lastKnownFileType = text.xcconfig; name = "Pods-2015-07－13.debug.xcconfig"; path = "Pods/Target Support Files/Pods-2015-07－13/Pods-2015-07－13.debug.xcconfig"; sourceTree = "<group>"; };
		CDBD23518548B34E74C9B48F /* Pods-2015-07－13.release.xcconfig */ = {isa = PBXFileReference; includeInIndex = 1; lastKnownFileType = text.xcconfig; name = "Pods-2015-07－13.release.xcconfig"; path = "Pods/Target Support Files/Pods-2015-07－13/Pods-2015-07－13.release.xcconfig"; sourceTree = "<group>"; };
		CE4D0DD31B53AF5600D46A5B /* YNRegisterViewController.h */ = {isa = PBXFileReference; fileEncoding = 4; lastKnownFileType = sourcecode.c.h; path = YNRegisterViewController.h; sourceTree = "<group>"; };
		CE4D0DD41B53AF5600D46A5B /* YNRegisterViewController.m */ = {isa = PBXFileReference; fileEncoding = 4; lastKnownFileType = sourcecode.c.objc; path = YNRegisterViewController.m; sourceTree = "<group>"; };
		CEAE9EFD1B53573300D4B9A6 /* 2015-07－13.app */ = {isa = PBXFileReference; explicitFileType = wrapper.application; includeInIndex = 0; path = "2015-07－13.app"; sourceTree = BUILT_PRODUCTS_DIR; };
		CEAE9F011B53573300D4B9A6 /* Info.plist */ = {isa = PBXFileReference; lastKnownFileType = text.plist.xml; path = Info.plist; sourceTree = "<group>"; };
		CEAE9F021B53573300D4B9A6 /* main.m */ = {isa = PBXFileReference; lastKnownFileType = sourcecode.c.objc; path = main.m; sourceTree = "<group>"; };
		CEAE9F041B53573300D4B9A6 /* AppDelegate.h */ = {isa = PBXFileReference; lastKnownFileType = sourcecode.c.h; path = AppDelegate.h; sourceTree = "<group>"; };
		CEAE9F051B53573300D4B9A6 /* AppDelegate.m */ = {isa = PBXFileReference; lastKnownFileType = sourcecode.c.objc; path = AppDelegate.m; sourceTree = "<group>"; };
		CEAE9F0B1B53573300D4B9A6 /* Base */ = {isa = PBXFileReference; lastKnownFileType = file.storyboard; name = Base; path = Base.lproj/Main.storyboard; sourceTree = "<group>"; };
		CEAE9F0D1B53573300D4B9A6 /* Images.xcassets */ = {isa = PBXFileReference; lastKnownFileType = folder.assetcatalog; path = Images.xcassets; sourceTree = "<group>"; };
		CEAE9F101B53573300D4B9A6 /* Base */ = {isa = PBXFileReference; lastKnownFileType = file.xib; name = Base; path = Base.lproj/LaunchScreen.xib; sourceTree = "<group>"; };
		CEAE9F161B53573300D4B9A6 /* 2015-07－13Tests.xctest */ = {isa = PBXFileReference; explicitFileType = wrapper.cfbundle; includeInIndex = 0; path = "2015-07－13Tests.xctest"; sourceTree = BUILT_PRODUCTS_DIR; };
		CEAE9F1B1B53573300D4B9A6 /* Info.plist */ = {isa = PBXFileReference; lastKnownFileType = text.plist.xml; path = Info.plist; sourceTree = "<group>"; };
		CEAE9F1C1B53573300D4B9A6 /* _015_07_13Tests.m */ = {isa = PBXFileReference; lastKnownFileType = sourcecode.c.objc; path = _015_07_13Tests.m; sourceTree = "<group>"; };
		CEAE9F2A1B535C1D00D4B9A6 /* YNRootTabBarController.h */ = {isa = PBXFileReference; fileEncoding = 4; lastKnownFileType = sourcecode.c.h; path = YNRootTabBarController.h; sourceTree = "<group>"; };
		CEAE9F2B1B535C1D00D4B9A6 /* YNRootTabBarController.m */ = {isa = PBXFileReference; fileEncoding = 4; lastKnownFileType = sourcecode.c.objc; path = YNRootTabBarController.m; sourceTree = "<group>"; };
		CEAE9F401B535E6800D4B9A6 /* YNHomePageViewController.h */ = {isa = PBXFileReference; fileEncoding = 4; lastKnownFileType = sourcecode.c.h; path = YNHomePageViewController.h; sourceTree = "<group>"; };
		CEAE9F411B535E6800D4B9A6 /* YNHomePageViewController.m */ = {isa = PBXFileReference; fileEncoding = 4; lastKnownFileType = sourcecode.c.objc; path = YNHomePageViewController.m; sourceTree = "<group>"; };
		CEAE9F431B535E8A00D4B9A6 /* YNServiceViewController.h */ = {isa = PBXFileReference; fileEncoding = 4; lastKnownFileType = sourcecode.c.h; path = YNServiceViewController.h; sourceTree = "<group>"; };
		CEAE9F441B535E8A00D4B9A6 /* YNServiceViewController.m */ = {isa = PBXFileReference; fileEncoding = 4; lastKnownFileType = sourcecode.c.objc; path = YNServiceViewController.m; sourceTree = "<group>"; };
		CEAE9F461B535EA500D4B9A6 /* YNMineViewController.h */ = {isa = PBXFileReference; fileEncoding = 4; lastKnownFileType = sourcecode.c.h; path = YNMineViewController.h; sourceTree = "<group>"; };
		CEAE9F471B535EA500D4B9A6 /* YNMineViewController.m */ = {isa = PBXFileReference; fileEncoding = 4; lastKnownFileType = sourcecode.c.objc; path = YNMineViewController.m; sourceTree = "<group>"; };
		CEAE9F491B535EBD00D4B9A6 /* YNMoreViewController.h */ = {isa = PBXFileReference; fileEncoding = 4; lastKnownFileType = sourcecode.c.h; path = YNMoreViewController.h; sourceTree = "<group>"; };
		CEAE9F4A1B535EBD00D4B9A6 /* YNMoreViewController.m */ = {isa = PBXFileReference; fileEncoding = 4; lastKnownFileType = sourcecode.c.objc; path = YNMoreViewController.m; sourceTree = "<group>"; };
		CEAE9F4C1B5360E900D4B9A6 /* YNNavigationController.h */ = {isa = PBXFileReference; fileEncoding = 4; lastKnownFileType = sourcecode.c.h; path = YNNavigationController.h; sourceTree = "<group>"; };
		CEAE9F4D1B5360E900D4B9A6 /* YNNavigationController.m */ = {isa = PBXFileReference; fileEncoding = 4; lastKnownFileType = sourcecode.c.objc; path = YNNavigationController.m; sourceTree = "<group>"; };
		CEAE9F501B53765100D4B9A6 /* YNSignInViewController.h */ = {isa = PBXFileReference; fileEncoding = 4; lastKnownFileType = sourcecode.c.h; path = YNSignInViewController.h; sourceTree = "<group>"; };
		CEAE9F511B53765100D4B9A6 /* YNSignInViewController.m */ = {isa = PBXFileReference; fileEncoding = 4; lastKnownFileType = sourcecode.c.objc; path = YNSignInViewController.m; sourceTree = "<group>"; };
/* End PBXFileReference section */

/* Begin PBXFrameworksBuildPhase section */
		CEAE9EFA1B53573300D4B9A6 /* Frameworks */ = {
			isa = PBXFrameworksBuildPhase;
			buildActionMask = 2147483647;
			files = (
				4005FB511B687AF00069A407 /* MapKit.framework in Frameworks */,
				40791E951B6212510059F74E /* CoreLocation.framework in Frameworks */,
				402FAB0B1B56457C000FA55B /* MessageUI.framework in Frameworks */,
				5E47D1F7B1B0420007E10D4D /* libPods-2015-07－13.a in Frameworks */,
			);
			runOnlyForDeploymentPostprocessing = 0;
		};
		CEAE9F131B53573300D4B9A6 /* Frameworks */ = {
			isa = PBXFrameworksBuildPhase;
			buildActionMask = 2147483647;
			files = (
			);
			runOnlyForDeploymentPostprocessing = 0;
		};
/* End PBXFrameworksBuildPhase section */

/* Begin PBXGroup section */
		4005FB4C1B68647E0069A407 /* nearby */ = {
			isa = PBXGroup;
			children = (
				4C762F351B709FD5002F1D9E /* tool */,
				4005FB4D1B6864B40069A407 /* YNNearbyViewController.h */,
				4005FB4E1B6864B40069A407 /* YNNearbyViewController.m */,
				40A2FA8E1B69DC300066CD8C /* YNBaseAnnotation.h */,
				40A2FA8F1B69DC300066CD8C /* YNBaseAnnotation.m */,
				40A2FA911B69DC510066CD8C /* YNCallOutAnnotation.h */,
				40A2FA921B69DC510066CD8C /* YNCallOutAnnotation.m */,
				40A2FA941B69DC840066CD8C /* YNCallOutAnnotationView.h */,
				40A2FA951B69DC840066CD8C /* YNCallOutAnnotationView.m */,
				40A2FA971B6A118C0066CD8C /* YNLocationAnnotation.h */,
				40A2FA981B6A118C0066CD8C /* YNLocationAnnotation.m */,
				40C9ED351B6B5568003E7DC4 /* YNCallOutContentView.h */,
				40C9ED361B6B5568003E7DC4 /* YNCallOutContentView.m */,
				4C762F3D1B7204B1002F1D9E /* YNEnterpriseViewController.h */,
				4C762F3E1B7204B1002F1D9E /* YNEnterpriseViewController.m */,
			);
			path = nearby;
			sourceTree = "<group>";
		};
		402BC2B11B57696900E6A429 /* orderOrreserve Cell */ = {
			isa = PBXGroup;
			children = (
				402BC2B21B5769A500E6A429 /* YNOrderOrreserveCell.h */,
				402BC2B31B5769A500E6A429 /* YNOrderOrreserveCell.m */,
				40366C071B5F2FEB00E94B98 /* YNDropDownMenu.h */,
				40366C081B5F2FEB00E94B98 /* YNDropDownMenu.m */,
			);
			path = "orderOrreserve Cell";
			sourceTree = "<group>";
		};
		402FAB061B55F408000FA55B /* tool */ = {
			isa = PBXGroup;
			children = (
				402FAB071B55F42F000FA55B /* YNTool.h */,
				402FAB081B55F42F000FA55B /* YNTool.m */,
			);
			path = tool;
			sourceTree = "<group>";
		};
		4062B3E91B54EDCB00175EE1 /* Register */ = {
			isa = PBXGroup;
			children = (
				4062B3EE1B54EE0500175EE1 /* Register textField */,
			);
			path = Register;
			sourceTree = "<group>";
		};
		4062B3EE1B54EE0500175EE1 /* Register textField */ = {
			isa = PBXGroup;
			children = (
				4062B3EF1B54EE8B00175EE1 /* UITextField+LeftAndRightView.h */,
				4062B3F01B54EE8B00175EE1 /* UITextField+LeftAndRightView.m */,
			);
			path = "Register textField";
			sourceTree = "<group>";
		};
		406DCA241B5765EE00FF569E /* orderAndReserve */ = {
			isa = PBXGroup;
			children = (
				406DCA251B57661E00FF569E /* YNOrderAndReserveViewController.h */,
				406DCA261B57661E00FF569E /* YNOrderAndReserveViewController.m */,
			);
			path = orderAndReserve;
			sourceTree = "<group>";
		};
		40791E901B61F9C30059F74E /* tool */ = {
			isa = PBXGroup;
			children = (
				40791E911B61F9E30059F74E /* YNLocation.h */,
				40791E921B61F9E30059F74E /* YNLocation.m */,
			);
			path = tool;
			sourceTree = "<group>";
		};
		40F5833D1B60DAB200B117AC /* scroll cycle */ = {
			isa = PBXGroup;
			children = (
				40F583421B60DB2300B117AC /* YNScrollCycleCell.h */,
				40F583431B60DB2300B117AC /* YNScrollCycleCell.m */,
				40F583451B60DC0800B117AC /* YNScrollCycleView.h */,
				40F583461B60DC0800B117AC /* YNScrollCycleView.m */,
			);
			path = "scroll cycle";
			sourceTree = "<group>";
		};
		4ACF2791856025EF4A070AD5 /* Pods */ = {
			isa = PBXGroup;
			children = (
				61171ACB1BC39838779DE974 /* Pods-2015-07－13.debug.xcconfig */,
				CDBD23518548B34E74C9B48F /* Pods-2015-07－13.release.xcconfig */,
			);
			name = Pods;
			sourceTree = "<group>";
		};
		4C762F351B709FD5002F1D9E /* tool */ = {
			isa = PBXGroup;
			children = (
				4C762F361B709FFA002F1D9E /* YNWGS84TOGCJ02.h */,
				4C762F371B709FFA002F1D9E /* YNWGS84TOGCJ02.m */,
			);
			path = tool;
			sourceTree = "<group>";
		};
		4C762F391B70C29E002F1D9E /* nearbyWithBaiduSDK */ = {
			isa = PBXGroup;
			children = (
			);
			name = nearbyWithBaiduSDK;
			path = "2015-07－13/nearbyWithBaiduSDK";
			sourceTree = "<group>";
		};
		B57D2B3BF47894DB4CC9FC0C /* Frameworks */ = {
			isa = PBXGroup;
			children = (
				4005FB501B687AF00069A407 /* MapKit.framework */,
				40791E941B6212510059F74E /* CoreLocation.framework */,
				402FAB0A1B56457C000FA55B /* MessageUI.framework */,
				3B68043E448964FAD805436B /* libPods-2015-07－13.a */,
			);
			name = Frameworks;
			sourceTree = "<group>";
		};
		CEAE9EF41B53573300D4B9A6 = {
			isa = PBXGroup;
			children = (
				4C762F391B70C29E002F1D9E /* nearbyWithBaiduSDK */,
				CEAE9EFF1B53573300D4B9A6 /* 2015-07－13 */,
				CEAE9F191B53573300D4B9A6 /* 2015-07－13Tests */,
				CEAE9EFE1B53573300D4B9A6 /* Products */,
				4ACF2791856025EF4A070AD5 /* Pods */,
				B57D2B3BF47894DB4CC9FC0C /* Frameworks */,
			);
			sourceTree = "<group>";
		};
		CEAE9EFE1B53573300D4B9A6 /* Products */ = {
			isa = PBXGroup;
			children = (
				CEAE9EFD1B53573300D4B9A6 /* 2015-07－13.app */,
				CEAE9F161B53573300D4B9A6 /* 2015-07－13Tests.xctest */,
			);
			name = Products;
			sourceTree = "<group>";
		};
		CEAE9EFF1B53573300D4B9A6 /* 2015-07－13 */ = {
			isa = PBXGroup;
			children = (
				4005FB4C1B68647E0069A407 /* nearby */,
				CEAE9F291B535BF800D4B9A6 /* rootController */,
				CEAE9F2D1B535CFB00D4B9A6 /* homePage1 */,
				CEAE9F301B535CFB00D4B9A6 /* service2 */,
				CEAE9F2E1B535CFB00D4B9A6 /* mine3 */,
				CEAE9F2F1B535CFB00D4B9A6 /* more4 */,
				CEAE9F001B53573300D4B9A6 /* Supporting Files */,
			);
			path = "2015-07－13";
			sourceTree = "<group>";
		};
		CEAE9F001B53573300D4B9A6 /* Supporting Files */ = {
			isa = PBXGroup;
			children = (
				402FAB3F1B566969000FA55B /* ViewController.h */,
				402FAB401B566969000FA55B /* ViewController.m */,
				CEAE9F041B53573300D4B9A6 /* AppDelegate.h */,
				CEAE9F051B53573300D4B9A6 /* AppDelegate.m */,
				CEAE9F0A1B53573300D4B9A6 /* Main.storyboard */,
				CEAE9F0D1B53573300D4B9A6 /* Images.xcassets */,
				CEAE9F0F1B53573300D4B9A6 /* LaunchScreen.xib */,
				CEAE9F011B53573300D4B9A6 /* Info.plist */,
				CEAE9F021B53573300D4B9A6 /* main.m */,
				402FAB0C1B56653C000FA55B /* PrefixHeader.pch */,
				40B521D11B65D426006C1971 /* orderOrReseverData.plist */,
			);
			name = "Supporting Files";
			sourceTree = "<group>";
		};
		CEAE9F191B53573300D4B9A6 /* 2015-07－13Tests */ = {
			isa = PBXGroup;
			children = (
				CEAE9F1C1B53573300D4B9A6 /* _015_07_13Tests.m */,
				CEAE9F1A1B53573300D4B9A6 /* Supporting Files */,
			);
			path = "2015-07－13Tests";
			sourceTree = "<group>";
		};
		CEAE9F1A1B53573300D4B9A6 /* Supporting Files */ = {
			isa = PBXGroup;
			children = (
				CEAE9F1B1B53573300D4B9A6 /* Info.plist */,
			);
			name = "Supporting Files";
			sourceTree = "<group>";
		};
		CEAE9F291B535BF800D4B9A6 /* rootController */ = {
			isa = PBXGroup;
			children = (
				CEAE9F2A1B535C1D00D4B9A6 /* YNRootTabBarController.h */,
				CEAE9F2B1B535C1D00D4B9A6 /* YNRootTabBarController.m */,
				CEAE9F4C1B5360E900D4B9A6 /* YNNavigationController.h */,
				CEAE9F4D1B5360E900D4B9A6 /* YNNavigationController.m */,
			);
			path = rootController;
			sourceTree = "<group>";
		};
		CEAE9F2D1B535CFB00D4B9A6 /* homePage1 */ = {
			isa = PBXGroup;
			children = (
				40791E901B61F9C30059F74E /* tool */,
				CEAE9F311B535DA600D4B9A6 /* controller */,
				CEAE9F321B535DA600D4B9A6 /* model */,
				CEAE9F331B535DA600D4B9A6 /* view */,
			);
			path = homePage1;
			sourceTree = "<group>";
		};
		CEAE9F2E1B535CFB00D4B9A6 /* mine3 */ = {
			isa = PBXGroup;
			children = (
				402FAB061B55F408000FA55B /* tool */,
				CEAE9F3A1B535E1300D4B9A6 /* controller */,
				CEAE9F3B1B535E1300D4B9A6 /* model */,
				CEAE9F3C1B535E1300D4B9A6 /* view */,
			);
			path = mine3;
			sourceTree = "<group>";
		};
		CEAE9F2F1B535CFB00D4B9A6 /* more4 */ = {
			isa = PBXGroup;
			children = (
				CEAE9F3D1B535E1F00D4B9A6 /* controller */,
				CEAE9F3E1B535E1F00D4B9A6 /* model */,
				CEAE9F3F1B535E1F00D4B9A6 /* view */,
			);
			path = more4;
			sourceTree = "<group>";
		};
		CEAE9F301B535CFB00D4B9A6 /* service2 */ = {
			isa = PBXGroup;
			children = (
				CEAE9F371B535E0700D4B9A6 /* controller */,
				CEAE9F381B535E0700D4B9A6 /* model */,
				CEAE9F391B535E0700D4B9A6 /* view */,
			);
			path = service2;
			sourceTree = "<group>";
		};
		CEAE9F311B535DA600D4B9A6 /* controller */ = {
			isa = PBXGroup;
			children = (
				406DCA241B5765EE00FF569E /* orderAndReserve */,
				CEAE9F401B535E6800D4B9A6 /* YNHomePageViewController.h */,
				CEAE9F411B535E6800D4B9A6 /* YNHomePageViewController.m */,
			);
			path = controller;
			sourceTree = "<group>";
		};
		CEAE9F321B535DA600D4B9A6 /* model */ = {
			isa = PBXGroup;
			children = (
				40B521D31B65E14C006C1971 /* YNBaseModel.h */,
				40B521D41B65E14C006C1971 /* YNBaseModel.m */,
				40B521D61B65E322006C1971 /* YNElementModel.h */,
				40B521D71B65E322006C1971 /* YNElementModel.m */,
				40B521D91B65E706006C1971 /* YNLevelModel.h */,
				40B521DA1B65E706006C1971 /* YNLevelModel.m */,
				40B521DC1B66022B006C1971 /* YNSecondLevelModel.h */,
				40B521DD1B66022B006C1971 /* YNSecondLevelModel.m */,
			);
			path = model;
			sourceTree = "<group>";
		};
		CEAE9F331B535DA600D4B9A6 /* view */ = {
			isa = PBXGroup;
			children = (
				40F5833D1B60DAB200B117AC /* scroll cycle */,
				402BC2B11B57696900E6A429 /* orderOrreserve Cell */,
			);
			path = view;
			sourceTree = "<group>";
		};
		CEAE9F371B535E0700D4B9A6 /* controller */ = {
			isa = PBXGroup;
			children = (
				CEAE9F431B535E8A00D4B9A6 /* YNServiceViewController.h */,
				CEAE9F441B535E8A00D4B9A6 /* YNServiceViewController.m */,
			);
			path = controller;
			sourceTree = "<group>";
		};
		CEAE9F381B535E0700D4B9A6 /* model */ = {
			isa = PBXGroup;
			children = (
			);
			path = model;
			sourceTree = "<group>";
		};
		CEAE9F391B535E0700D4B9A6 /* view */ = {
			isa = PBXGroup;
			children = (
			);
			path = view;
			sourceTree = "<group>";
		};
		CEAE9F3A1B535E1300D4B9A6 /* controller */ = {
			isa = PBXGroup;
			children = (
				CEAE9F461B535EA500D4B9A6 /* YNMineViewController.h */,
				CEAE9F471B535EA500D4B9A6 /* YNMineViewController.m */,
				CEAE9F4F1B53716600D4B9A6 /* signIn */,
			);
			path = controller;
			sourceTree = "<group>";
		};
		CEAE9F3B1B535E1300D4B9A6 /* model */ = {
			isa = PBXGroup;
			children = (
			);
			path = model;
			sourceTree = "<group>";
		};
		CEAE9F3C1B535E1300D4B9A6 /* view */ = {
			isa = PBXGroup;
			children = (
				4062B3E91B54EDCB00175EE1 /* Register */,
			);
			path = view;
			sourceTree = "<group>";
		};
		CEAE9F3D1B535E1F00D4B9A6 /* controller */ = {
			isa = PBXGroup;
			children = (
				CEAE9F491B535EBD00D4B9A6 /* YNMoreViewController.h */,
				CEAE9F4A1B535EBD00D4B9A6 /* YNMoreViewController.m */,
			);
			path = controller;
			sourceTree = "<group>";
		};
		CEAE9F3E1B535E1F00D4B9A6 /* model */ = {
			isa = PBXGroup;
			children = (
			);
			path = model;
			sourceTree = "<group>";
		};
		CEAE9F3F1B535E1F00D4B9A6 /* view */ = {
			isa = PBXGroup;
			children = (
			);
			path = view;
			sourceTree = "<group>";
		};
		CEAE9F4F1B53716600D4B9A6 /* signIn */ = {
			isa = PBXGroup;
			children = (
				CEAE9F501B53765100D4B9A6 /* YNSignInViewController.h */,
				CEAE9F511B53765100D4B9A6 /* YNSignInViewController.m */,
				CE4D0DD31B53AF5600D46A5B /* YNRegisterViewController.h */,
				CE4D0DD41B53AF5600D46A5B /* YNRegisterViewController.m */,
			);
			path = signIn;
			sourceTree = "<group>";
		};
/* End PBXGroup section */

/* Begin PBXNativeTarget section */
		CEAE9EFC1B53573300D4B9A6 /* 2015-07－13 */ = {
			isa = PBXNativeTarget;
			buildConfigurationList = CEAE9F201B53573300D4B9A6 /* Build configuration list for PBXNativeTarget "2015-07－13" */;
			buildPhases = (
				67C7A27D2AB26BF96EB7C13E /* Check Pods Manifest.lock */,
				CEAE9EF91B53573300D4B9A6 /* Sources */,
				CEAE9EFA1B53573300D4B9A6 /* Frameworks */,
				CEAE9EFB1B53573300D4B9A6 /* Resources */,
				6AD19AD381435CD123F05F8C /* Copy Pods Resources */,
			);
			buildRules = (
			);
			dependencies = (
			);
			name = "2015-07－13";
			productName = "2015-07－13";
			productReference = CEAE9EFD1B53573300D4B9A6 /* 2015-07－13.app */;
			productType = "com.apple.product-type.application";
		};
		CEAE9F151B53573300D4B9A6 /* 2015-07－13Tests */ = {
			isa = PBXNativeTarget;
			buildConfigurationList = CEAE9F231B53573300D4B9A6 /* Build configuration list for PBXNativeTarget "2015-07－13Tests" */;
			buildPhases = (
				CEAE9F121B53573300D4B9A6 /* Sources */,
				CEAE9F131B53573300D4B9A6 /* Frameworks */,
				CEAE9F141B53573300D4B9A6 /* Resources */,
			);
			buildRules = (
			);
			dependencies = (
				CEAE9F181B53573300D4B9A6 /* PBXTargetDependency */,
			);
			name = "2015-07－13Tests";
			productName = "2015-07－13Tests";
			productReference = CEAE9F161B53573300D4B9A6 /* 2015-07－13Tests.xctest */;
			productType = "com.apple.product-type.bundle.unit-test";
		};
/* End PBXNativeTarget section */

/* Begin PBXProject section */
		CEAE9EF51B53573300D4B9A6 /* Project object */ = {
			isa = PBXProject;
			attributes = {
				LastUpgradeCheck = 0640;
				ORGANIZATIONNAME = YN;
				TargetAttributes = {
					CEAE9EFC1B53573300D4B9A6 = {
						CreatedOnToolsVersion = 6.4;
					};
					CEAE9F151B53573300D4B9A6 = {
						CreatedOnToolsVersion = 6.4;
						TestTargetID = CEAE9EFC1B53573300D4B9A6;
					};
				};
			};
			buildConfigurationList = CEAE9EF81B53573300D4B9A6 /* Build configuration list for PBXProject "2015-07－13" */;
			compatibilityVersion = "Xcode 3.2";
			developmentRegion = English;
			hasScannedForEncodings = 0;
			knownRegions = (
				en,
				Base,
			);
			mainGroup = CEAE9EF41B53573300D4B9A6;
			productRefGroup = CEAE9EFE1B53573300D4B9A6 /* Products */;
			projectDirPath = "";
			projectRoot = "";
			targets = (
				CEAE9EFC1B53573300D4B9A6 /* 2015-07－13 */,
				CEAE9F151B53573300D4B9A6 /* 2015-07－13Tests */,
			);
		};
/* End PBXProject section */

/* Begin PBXResourcesBuildPhase section */
		CEAE9EFB1B53573300D4B9A6 /* Resources */ = {
			isa = PBXResourcesBuildPhase;
			buildActionMask = 2147483647;
			files = (
				CEAE9F0C1B53573300D4B9A6 /* Main.storyboard in Resources */,
				40B521D21B65D426006C1971 /* orderOrReseverData.plist in Resources */,
				CEAE9F111B53573300D4B9A6 /* LaunchScreen.xib in Resources */,
				CEAE9F0E1B53573300D4B9A6 /* Images.xcassets in Resources */,
			);
			runOnlyForDeploymentPostprocessing = 0;
		};
		CEAE9F141B53573300D4B9A6 /* Resources */ = {
			isa = PBXResourcesBuildPhase;
			buildActionMask = 2147483647;
			files = (
			);
			runOnlyForDeploymentPostprocessing = 0;
		};
/* End PBXResourcesBuildPhase section */

/* Begin PBXShellScriptBuildPhase section */
		67C7A27D2AB26BF96EB7C13E /* Check Pods Manifest.lock */ = {
			isa = PBXShellScriptBuildPhase;
			buildActionMask = 2147483647;
			files = (
			);
			inputPaths = (
			);
			name = "Check Pods Manifest.lock";
			outputPaths = (
			);
			runOnlyForDeploymentPostprocessing = 0;
			shellPath = /bin/sh;
			shellScript = "diff \"${PODS_ROOT}/../Podfile.lock\" \"${PODS_ROOT}/Manifest.lock\" > /dev/null\nif [[ $? != 0 ]] ; then\n    cat << EOM\nerror: The sandbox is not in sync with the Podfile.lock. Run 'pod install' or update your CocoaPods installation.\nEOM\n    exit 1\nfi\n";
			showEnvVarsInLog = 0;
		};
		6AD19AD381435CD123F05F8C /* Copy Pods Resources */ = {
			isa = PBXShellScriptBuildPhase;
			buildActionMask = 2147483647;
			files = (
			);
			inputPaths = (
			);
			name = "Copy Pods Resources";
			outputPaths = (
			);
			runOnlyForDeploymentPostprocessing = 0;
			shellPath = /bin/sh;
			shellScript = "\"${SRCROOT}/Pods/Target Support Files/Pods-2015-07－13/Pods-2015-07－13-resources.sh\"\n";
			showEnvVarsInLog = 0;
		};
/* End PBXShellScriptBuildPhase section */

/* Begin PBXSourcesBuildPhase section */
		CEAE9EF91B53573300D4B9A6 /* Sources */ = {
			isa = PBXSourcesBuildPhase;
			buildActionMask = 2147483647;
			files = (
				CEAE9F061B53573300D4B9A6 /* AppDelegate.m in Sources */,
				CEAE9F4B1B535EBD00D4B9A6 /* YNMoreViewController.m in Sources */,
				4005FB4F1B6864B40069A407 /* YNNearbyViewController.m in Sources */,
				40791E931B61F9E30059F74E /* YNLocation.m in Sources */,
				40B521DB1B65E706006C1971 /* YNLevelModel.m in Sources */,
				40F583441B60DB2300B117AC /* YNScrollCycleCell.m in Sources */,
				40A2FA961B69DC840066CD8C /* YNCallOutAnnotationView.m in Sources */,
				CEAE9F481B535EA500D4B9A6 /* YNMineViewController.m in Sources */,
				CEAE9F4E1B5360E900D4B9A6 /* YNNavigationController.m in Sources */,
				40366C091B5F2FEB00E94B98 /* YNDropDownMenu.m in Sources */,
				40A2FA931B69DC510066CD8C /* YNCallOutAnnotation.m in Sources */,
				CE4D0DD51B53AF5600D46A5B /* YNRegisterViewController.m in Sources */,
				CEAE9F521B53765100D4B9A6 /* YNSignInViewController.m in Sources */,
				402FAB411B566969000FA55B /* ViewController.m in Sources */,
				406DCA271B57661E00FF569E /* YNOrderAndReserveViewController.m in Sources */,
				CEAE9F2C1B535C1D00D4B9A6 /* YNRootTabBarController.m in Sources */,
				40A2FA991B6A118C0066CD8C /* YNLocationAnnotation.m in Sources */,
				CEAE9F451B535E8A00D4B9A6 /* YNServiceViewController.m in Sources */,
				402BC2B41B5769A500E6A429 /* YNOrderOrreserveCell.m in Sources */,
				402FAB091B55F42F000FA55B /* YNTool.m in Sources */,
				4C762F381B709FFA002F1D9E /* YNWGS84TOGCJ02.m in Sources */,
				40B521D51B65E14C006C1971 /* YNBaseModel.m in Sources */,
				40B521DE1B66022B006C1971 /* YNSecondLevelModel.m in Sources */,
				CEAE9F031B53573300D4B9A6 /* main.m in Sources */,
				CEAE9F421B535E6800D4B9A6 /* YNHomePageViewController.m in Sources */,
				40B521D81B65E322006C1971 /* YNElementModel.m in Sources */,
				40A2FA901B69DC300066CD8C /* YNBaseAnnotation.m in Sources */,
				40C9ED371B6B5568003E7DC4 /* YNCallOutContentView.m in Sources */,
				4062B3F11B54EE8B00175EE1 /* UITextField+LeftAndRightView.m in Sources */,
				4C762F3F1B7204B1002F1D9E /* YNEnterpriseViewController.m in Sources */,
				40F583471B60DC0800B117AC /* YNScrollCycleView.m in Sources */,
			);
			runOnlyForDeploymentPostprocessing = 0;
		};
		CEAE9F121B53573300D4B9A6 /* Sources */ = {
			isa = PBXSourcesBuildPhase;
			buildActionMask = 2147483647;
			files = (
				CEAE9F1D1B53573300D4B9A6 /* _015_07_13Tests.m in Sources */,
			);
			runOnlyForDeploymentPostprocessing = 0;
		};
/* End PBXSourcesBuildPhase section */

/* Begin PBXTargetDependency section */
		CEAE9F181B53573300D4B9A6 /* PBXTargetDependency */ = {
			isa = PBXTargetDependency;
			target = CEAE9EFC1B53573300D4B9A6 /* 2015-07－13 */;
			targetProxy = CEAE9F171B53573300D4B9A6 /* PBXContainerItemProxy */;
		};
/* End PBXTargetDependency section */

/* Begin PBXVariantGroup section */
		CEAE9F0A1B53573300D4B9A6 /* Main.storyboard */ = {
			isa = PBXVariantGroup;
			children = (
				CEAE9F0B1B53573300D4B9A6 /* Base */,
			);
			name = Main.storyboard;
			sourceTree = "<group>";
		};
		CEAE9F0F1B53573300D4B9A6 /* LaunchScreen.xib */ = {
			isa = PBXVariantGroup;
			children = (
				CEAE9F101B53573300D4B9A6 /* Base */,
			);
			name = LaunchScreen.xib;
			sourceTree = "<group>";
		};
/* End PBXVariantGroup section */

/* Begin XCBuildConfiguration section */
		CEAE9F1E1B53573300D4B9A6 /* Debug */ = {
			isa = XCBuildConfiguration;
			buildSettings = {
				ALWAYS_SEARCH_USER_PATHS = NO;
				CLANG_CXX_LANGUAGE_STANDARD = "gnu++0x";
				CLANG_CXX_LIBRARY = "libc++";
				CLANG_ENABLE_MODULES = YES;
				CLANG_ENABLE_OBJC_ARC = YES;
				CLANG_WARN_BOOL_CONVERSION = YES;
				CLANG_WARN_CONSTANT_CONVERSION = YES;
				CLANG_WARN_DIRECT_OBJC_ISA_USAGE = YES_ERROR;
				CLANG_WARN_EMPTY_BODY = YES;
				CLANG_WARN_ENUM_CONVERSION = YES;
				CLANG_WARN_INT_CONVERSION = YES;
				CLANG_WARN_OBJC_ROOT_CLASS = YES_ERROR;
				CLANG_WARN_UNREACHABLE_CODE = YES;
				CLANG_WARN__DUPLICATE_METHOD_MATCH = YES;
				CODE_SIGN_IDENTITY = "iPhone Developer: Wei Feng Hou (297HJMGP7U)";
				"CODE_SIGN_IDENTITY[sdk=iphoneos*]" = "iPhone Developer: Wei Feng Hou (297HJMGP7U)";
				COPY_PHASE_STRIP = NO;
				DEBUG_INFORMATION_FORMAT = "dwarf-with-dsym";
				ENABLE_STRICT_OBJC_MSGSEND = YES;
				GCC_C_LANGUAGE_STANDARD = gnu99;
				GCC_DYNAMIC_NO_PIC = NO;
				GCC_NO_COMMON_BLOCKS = YES;
				GCC_OPTIMIZATION_LEVEL = 0;
				GCC_PREPROCESSOR_DEFINITIONS = (
					"DEBUG=1",
					"$(inherited)",
				);
				GCC_SYMBOLS_PRIVATE_EXTERN = NO;
				GCC_WARN_64_TO_32_BIT_CONVERSION = YES;
				GCC_WARN_ABOUT_RETURN_TYPE = YES_ERROR;
				GCC_WARN_UNDECLARED_SELECTOR = YES;
				GCC_WARN_UNINITIALIZED_AUTOS = YES_AGGRESSIVE;
				GCC_WARN_UNUSED_FUNCTION = YES;
				GCC_WARN_UNUSED_VARIABLE = YES;
				IPHONEOS_DEPLOYMENT_TARGET = 8.4;
				MTL_ENABLE_DEBUG_INFO = YES;
				ONLY_ACTIVE_ARCH = YES;
				SDKROOT = iphoneos;
				TARGETED_DEVICE_FAMILY = "1,2";
			};
			name = Debug;
		};
		CEAE9F1F1B53573300D4B9A6 /* Release */ = {
			isa = XCBuildConfiguration;
			buildSettings = {
				ALWAYS_SEARCH_USER_PATHS = NO;
				CLANG_CXX_LANGUAGE_STANDARD = "gnu++0x";
				CLANG_CXX_LIBRARY = "libc++";
				CLANG_ENABLE_MODULES = YES;
				CLANG_ENABLE_OBJC_ARC = YES;
				CLANG_WARN_BOOL_CONVERSION = YES;
				CLANG_WARN_CONSTANT_CONVERSION = YES;
				CLANG_WARN_DIRECT_OBJC_ISA_USAGE = YES_ERROR;
				CLANG_WARN_EMPTY_BODY = YES;
				CLANG_WARN_ENUM_CONVERSION = YES;
				CLANG_WARN_INT_CONVERSION = YES;
				CLANG_WARN_OBJC_ROOT_CLASS = YES_ERROR;
				CLANG_WARN_UNREACHABLE_CODE = YES;
				CLANG_WARN__DUPLICATE_METHOD_MATCH = YES;
				CODE_SIGN_IDENTITY = "iPhone Developer: Wei Feng Hou (297HJMGP7U)";
				"CODE_SIGN_IDENTITY[sdk=iphoneos*]" = "iPhone Developer: Wei Feng Hou (297HJMGP7U)";
				COPY_PHASE_STRIP = NO;
				DEBUG_INFORMATION_FORMAT = "dwarf-with-dsym";
				ENABLE_NS_ASSERTIONS = NO;
				ENABLE_STRICT_OBJC_MSGSEND = YES;
				GCC_C_LANGUAGE_STANDARD = gnu99;
				GCC_NO_COMMON_BLOCKS = YES;
				GCC_WARN_64_TO_32_BIT_CONVERSION = YES;
				GCC_WARN_ABOUT_RETURN_TYPE = YES_ERROR;
				GCC_WARN_UNDECLARED_SELECTOR = YES;
				GCC_WARN_UNINITIALIZED_AUTOS = YES_AGGRESSIVE;
				GCC_WARN_UNUSED_FUNCTION = YES;
				GCC_WARN_UNUSED_VARIABLE = YES;
				IPHONEOS_DEPLOYMENT_TARGET = 8.4;
				MTL_ENABLE_DEBUG_INFO = NO;
				SDKROOT = iphoneos;
				TARGETED_DEVICE_FAMILY = "1,2";
				VALIDATE_PRODUCT = YES;
			};
			name = Release;
		};
		CEAE9F211B53573300D4B9A6 /* Debug */ = {
			isa = XCBuildConfiguration;
			baseConfigurationReference = 61171ACB1BC39838779DE974 /* Pods-2015-07－13.debug.xcconfig */;
			buildSettings = {
				ASSETCATALOG_COMPILER_APPICON_NAME = AppIcon;
				ASSETCATALOG_COMPILER_LAUNCHIMAGE_NAME = LaunchImage;
				CODE_SIGN_IDENTITY = "iPhone Developer: Wei Feng Hou (297HJMGP7U)";
				GCC_PRECOMPILE_PREFIX_HEADER = YES;
				GCC_PREFIX_HEADER = "$(SRCROOT)/2015-07－13/PrefixHeader.pch";
				INFOPLIST_FILE = "2015-07－13/Info.plist";
				IPHONEOS_DEPLOYMENT_TARGET = 7.0;
				LD_RUNPATH_SEARCH_PATHS = "$(inherited) @executable_path/Frameworks";
				PRODUCT_NAME = "$(TARGET_NAME)";
				TARGETED_DEVICE_FAMILY = 1;
			};
			name = Debug;
		};
		CEAE9F221B53573300D4B9A6 /* Release */ = {
			isa = XCBuildConfiguration;
			baseConfigurationReference = CDBD23518548B34E74C9B48F /* Pods-2015-07－13.release.xcconfig */;
			buildSettings = {
				ASSETCATALOG_COMPILER_APPICON_NAME = AppIcon;
				ASSETCATALOG_COMPILER_LAUNCHIMAGE_NAME = LaunchImage;
				CODE_SIGN_IDENTITY = "iPhone Developer: Wei Feng Hou (297HJMGP7U)";
				GCC_PRECOMPILE_PREFIX_HEADER = YES;
				GCC_PREFIX_HEADER = "$(SRCROOT)/2015-07－13/PrefixHeader.pch";
				INFOPLIST_FILE = "2015-07－13/Info.plist";
				IPHONEOS_DEPLOYMENT_TARGET = 7.0;
				LD_RUNPATH_SEARCH_PATHS = "$(inherited) @executable_path/Frameworks";
				PRODUCT_NAME = "$(TARGET_NAME)";
				TARGETED_DEVICE_FAMILY = 1;
			};
			name = Release;
		};
		CEAE9F241B53573300D4B9A6 /* Debug */ = {
			isa = XCBuildConfiguration;
			buildSettings = {
				BUNDLE_LOADER = "$(TEST_HOST)";
				FRAMEWORK_SEARCH_PATHS = (
					"$(SDKROOT)/Developer/Library/Frameworks",
					"$(inherited)",
				);
				GCC_PREPROCESSOR_DEFINITIONS = (
					"DEBUG=1",
					"$(inherited)",
				);
				INFOPLIST_FILE = "2015-07－13Tests/Info.plist";
				LD_RUNPATH_SEARCH_PATHS = "$(inherited) @executable_path/Frameworks @loader_path/Frameworks";
				PRODUCT_NAME = "$(TARGET_NAME)";
				TEST_HOST = "$(BUILT_PRODUCTS_DIR)/2015-07－13.app/2015-07－13";
			};
			name = Debug;
		};
		CEAE9F251B53573300D4B9A6 /* Release */ = {
			isa = XCBuildConfiguration;
			buildSettings = {
				BUNDLE_LOADER = "$(TEST_HOST)";
				FRAMEWORK_SEARCH_PATHS = (
					"$(SDKROOT)/Developer/Library/Frameworks",
					"$(inherited)",
				);
				INFOPLIST_FILE = "2015-07－13Tests/Info.plist";
				LD_RUNPATH_SEARCH_PATHS = "$(inherited) @executable_path/Frameworks @loader_path/Frameworks";
				PRODUCT_NAME = "$(TARGET_NAME)";
				TEST_HOST = "$(BUILT_PRODUCTS_DIR)/2015-07－13.app/2015-07－13";
			};
			name = Release;
		};
/* End XCBuildConfiguration section */

/* Begin XCConfigurationList section */
		CEAE9EF81B53573300D4B9A6 /* Build configuration list for PBXProject "2015-07－13" */ = {
			isa = XCConfigurationList;
			buildConfigurations = (
				CEAE9F1E1B53573300D4B9A6 /* Debug */,
				CEAE9F1F1B53573300D4B9A6 /* Release */,
			);
			defaultConfigurationIsVisible = 0;
			defaultConfigurationName = Release;
		};
		CEAE9F201B53573300D4B9A6 /* Build configuration list for PBXNativeTarget "2015-07－13" */ = {
			isa = XCConfigurationList;
			buildConfigurations = (
				CEAE9F211B53573300D4B9A6 /* Debug */,
				CEAE9F221B53573300D4B9A6 /* Release */,
			);
			defaultConfigurationIsVisible = 0;
			defaultConfigurationName = Release;
		};
		CEAE9F231B53573300D4B9A6 /* Build configuration list for PBXNativeTarget "2015-07－13Tests" */ = {
			isa = XCConfigurationList;
			buildConfigurations = (
				CEAE9F241B53573300D4B9A6 /* Debug */,
				CEAE9F251B53573300D4B9A6 /* Release */,
			);
			defaultConfigurationIsVisible = 0;
			defaultConfigurationName = Release;
		};
/* End XCConfigurationList section */
	};
	rootObject = CEAE9EF51B53573300D4B9A6 /* Project object */;
}
